{
  "name": "miniprogram-1",
  "version": "1.0.0",
  "lockfileVersion": 1,
  "requires": true,
  "dependencies": {
    "moment": {
      "version": "2.29.1",
      "resolved": "https://registry.npm.taobao.org/moment/download/moment-2.29.1.tgz",
      "integrity": "sha1-sr52n6MZQL6e7qZGnAdeNQBvo9M="
    },
    "weui": {
      "version": "2.4.3",
      "resolved": "https://registry.npm.taobao.org/weui/download/weui-2.4.3.tgz",
      "integrity": "sha1-om1z9Vt0sAd9n84EEwradBsb0IU="
    },
    "weui-miniprogram": {
      "version": "1.0.7",
      "resolved": "https://registry.npm.taobao.org/weui-miniprogram/download/weui-miniprogram-1.0.7.tgz",
      "integrity": "sha1-b8B1eJbbXMWrPZfe/uiWagrg/7Y="
    }
  }
}
